PODS:
  - Debounce (1.4.0)
  - Dwifft (0.9)
  - GenericResultsController (2.3.0):
    - Debounce
    - Dwifft (= 0.9)

DEPENDENCIES:
  - GenericResultsController (from `../`)

SPEC REPOS:
  trunk:
    - Debounce
    - Dwifft

EXTERNAL SOURCES:
  GenericResultsController:
    :path: "../"

SPEC CHECKSUMS:
  Debounce: b6ede9b54dc58daa059233012c7f54d9ddefda05
  Dwifft: 42912068ed2a8146077d1a1404df18625bd086e1
  GenericResultsController: 807af837324aa08e8aa61836dbeb883c3cb3394f

PODFILE CHECKSUM: 0bb4f69a14b19e437cb1d4ff1e985f96e171a4aa

COCOAPODS: 1.11.2
