{
  "pins" : [
    {
      "identity" : "debounce",
      "kind" : "remoteSourceControl",
      "location" : "https://github.com/cgossain/Debounce.git",
      "state" : {
        "revision" : "69b4a0d7e3f6a19a7bf57bba48bab264dd6ead92",
        "version" : "1.5.0"
      }
    },
    {
      "identity" : "dwifft",
      "kind" : "remoteSourceControl",
      "location" : "https://github.com/cgossain/Dwifft.git",
      "state" : {
        "revision" : "6fec2bc0246091b3e17a9d42e722fb98e05ac3ff",
        "version" : "0.10.0"
      }
    }
  ],
  "version" : 2
}
