{
  "pins" : [
    {
      "identity" : "debounce",
      "kind" : "remoteSourceControl",
      "location" : "https://github.com/cgossain/Debounce.git",
      "state" : {
        "revision" : "7f69673df389054da8bdaf115d8d6add5856ffe8",
        "version" : "1.5.1"
      }
    }
  ],
  "version" : 2
}
